
Microsoft Visual Studio Solution File, Format Version 12.00
# Visual Studio Version 16
VisualStudioVersion = 16.0.32106.194
MinimumVisualStudioVersion = 10.0.40219.1
Project("{FAE04EC0-301F-11D3-BF4B-00C04F79EFBC}") = "01.Clock", "01.Clock\01.Clock.csproj", "{2772A681-4D33-4A3E-A9EB-C906363EE943}"
EndProject
Project("{FAE04EC0-301F-11D3-BF4B-00C04F79EFBC}") = "02.MultiplicationTable", "02.MultiplicationTable\02.MultiplicationTable.csproj", "{0E01AA9F-CF5F-4070-9C1E-29885CBEAFD3}"
EndProject
Project("{FAE04EC0-301F-11D3-BF4B-00C04F79EFBC}") = "03.Combinations", "03.Combinations\03.Combinations.csproj", "{9689F436-8305-4345-A05C-B378E69EBFEE}"
EndProject
Project("{FAE04EC0-301F-11D3-BF4B-00C04F79EFBC}") = "04.SumOfTwoNumbers", "04.SumOfTwoNumbers\04.SumOfTwoNumbers.csproj", "{B8FD1141-91CF-4E81-94C7-04183D209F69}"
EndProject
Project("{FAE04EC0-301F-11D3-BF4B-00C04F79EFBC}") = "05.Travelling", "05.Travelling\05.Travelling.csproj", "{CA9EFB14-8D70-4DF8-8B0B-F775BEC909C8}"
EndProject
Project("{FAE04EC0-301F-11D3-BF4B-00C04F79EFBC}") = "06.Building", "06.Building\06.Building.csproj", "{FEAA9855-1977-4765-917C-CF03A4C17390}"
EndProject
Global
	GlobalSection(SolutionConfigurationPlatforms) = preSolution
		Debug|Any CPU = Debug|Any CPU
		Release|Any CPU = Release|Any CPU
	EndGlobalSection
	GlobalSection(ProjectConfigurationPlatforms) = postSolution
		{2772A681-4D33-4A3E-A9EB-C906363EE943}.Debug|Any CPU.ActiveCfg = Debug|Any CPU
		{2772A681-4D33-4A3E-A9EB-C906363EE943}.Debug|Any CPU.Build.0 = Debug|Any CPU
		{2772A681-4D33-4A3E-A9EB-C906363EE943}.Release|Any CPU.ActiveCfg = Release|Any CPU
		{2772A681-4D33-4A3E-A9EB-C906363EE943}.Release|Any CPU.Build.0 = Release|Any CPU
		{0E01AA9F-CF5F-4070-9C1E-29885CBEAFD3}.Debug|Any CPU.ActiveCfg = Debug|Any CPU
		{0E01AA9F-CF5F-4070-9C1E-29885CBEAFD3}.Debug|Any CPU.Build.0 = Debug|Any CPU
		{0E01AA9F-CF5F-4070-9C1E-29885CBEAFD3}.Release|Any CPU.ActiveCfg = Release|Any CPU
		{0E01AA9F-CF5F-4070-9C1E-29885CBEAFD3}.Release|Any CPU.Build.0 = Release|Any CPU
		{9689F436-8305-4345-A05C-B378E69EBFEE}.Debug|Any CPU.ActiveCfg = Debug|Any CPU
		{9689F436-8305-4345-A05C-B378E69EBFEE}.Debug|Any CPU.Build.0 = Debug|Any CPU
		{9689F436-8305-4345-A05C-B378E69EBFEE}.Release|Any CPU.ActiveCfg = Release|Any CPU
		{9689F436-8305-4345-A05C-B378E69EBFEE}.Release|Any CPU.Build.0 = Release|Any CPU
		{B8FD1141-91CF-4E81-94C7-04183D209F69}.Debug|Any CPU.ActiveCfg = Debug|Any CPU
		{B8FD1141-91CF-4E81-94C7-04183D209F69}.Debug|Any CPU.Build.0 = Debug|Any CPU
		{B8FD1141-91CF-4E81-94C7-04183D209F69}.Release|Any CPU.ActiveCfg = Release|Any CPU
		{B8FD1141-91CF-4E81-94C7-04183D209F69}.Release|Any CPU.Build.0 = Release|Any CPU
		{CA9EFB14-8D70-4DF8-8B0B-F775BEC909C8}.Debug|Any CPU.ActiveCfg = Debug|Any CPU
		{CA9EFB14-8D70-4DF8-8B0B-F775BEC909C8}.Debug|Any CPU.Build.0 = Debug|Any CPU
		{CA9EFB14-8D70-4DF8-8B0B-F775BEC909C8}.Release|Any CPU.ActiveCfg = Release|Any CPU
		{CA9EFB14-8D70-4DF8-8B0B-F775BEC909C8}.Release|Any CPU.Build.0 = Release|Any CPU
		{FEAA9855-1977-4765-917C-CF03A4C17390}.Debug|Any CPU.ActiveCfg = Debug|Any CPU
		{FEAA9855-1977-4765-917C-CF03A4C17390}.Debug|Any CPU.Build.0 = Debug|Any CPU
		{FEAA9855-1977-4765-917C-CF03A4C17390}.Release|Any CPU.ActiveCfg = Release|Any CPU
		{FEAA9855-1977-4765-917C-CF03A4C17390}.Release|Any CPU.Build.0 = Release|Any CPU
	EndGlobalSection
	GlobalSection(SolutionProperties) = preSolution
		HideSolutionNode = FALSE
	EndGlobalSection
	GlobalSection(ExtensibilityGlobals) = postSolution
		SolutionGuid = {3E923726-DD3F-42D2-B6A6-B90E1BB8B005}
	EndGlobalSection
EndGlobal
