
Microsoft Visual Studio Solution File, Format Version 12.00
# Visual Studio Version 16
VisualStudioVersion = 16.0.32106.194
MinimumVisualStudioVersion = 10.0.40219.1
Project("{9A19103F-16F7-4668-BE54-9A1E7A4F7556}") = "01.Train", "01.Train\01.Train.csproj", "{7D685A0E-C164-47F6-8F1C-29FD5A2B5A1A}"
EndProject
Project("{9A19103F-16F7-4668-BE54-9A1E7A4F7556}") = "02.ChangeList", "02.ChangeList\02.ChangeList.csproj", "{46E58844-E20E-4482-9AAC-879B3B005AF2}"
EndProject
Project("{9A19103F-16F7-4668-BE54-9A1E7A4F7556}") = "03.HouseParty", "03.HouseParty\03.HouseParty.csproj", "{8234B9E3-32B6-4DAB-B511-C57154373977}"
EndProject
Project("{9A19103F-16F7-4668-BE54-9A1E7A4F7556}") = "04.ListOperations", "04.ListOperations\04.ListOperations.csproj", "{AC40643E-00D8-463A-9175-82126811741E}"
EndProject
Project("{9A19103F-16F7-4668-BE54-9A1E7A4F7556}") = "05.BombNumbers", "05.BombNumbers\05.BombNumbers.csproj", "{2CBFF52E-233B-4908-B4C0-F745B63BBAA2}"
EndProject
Project("{9A19103F-16F7-4668-BE54-9A1E7A4F7556}") = "07.AppendArrays", "07.AppendArrays\07.AppendArrays.csproj", "{4C6D05F0-4C56-4338-9311-024E3EF91F03}"
EndProject
Project("{9A19103F-16F7-4668-BE54-9A1E7A4F7556}") = "06.CardsGame", "06.CardsGame\06.CardsGame.csproj", "{022FB5E0-C151-4665-82E1-0FE25F66C740}"
EndProject
Project("{FAE04EC0-301F-11D3-BF4B-00C04F79EFBC}") = "08.AnonymousThreat", "08.AnonymousThreat\08.AnonymousThreat.csproj", "{2104A42B-A9F1-451B-AA03-3B69AE23D5F4}"
EndProject
Global
	GlobalSection(SolutionConfigurationPlatforms) = preSolution
		Debug|Any CPU = Debug|Any CPU
		Release|Any CPU = Release|Any CPU
	EndGlobalSection
	GlobalSection(ProjectConfigurationPlatforms) = postSolution
		{7D685A0E-C164-47F6-8F1C-29FD5A2B5A1A}.Debug|Any CPU.ActiveCfg = Debug|Any CPU
		{7D685A0E-C164-47F6-8F1C-29FD5A2B5A1A}.Debug|Any CPU.Build.0 = Debug|Any CPU
		{7D685A0E-C164-47F6-8F1C-29FD5A2B5A1A}.Release|Any CPU.ActiveCfg = Release|Any CPU
		{7D685A0E-C164-47F6-8F1C-29FD5A2B5A1A}.Release|Any CPU.Build.0 = Release|Any CPU
		{46E58844-E20E-4482-9AAC-879B3B005AF2}.Debug|Any CPU.ActiveCfg = Debug|Any CPU
		{46E58844-E20E-4482-9AAC-879B3B005AF2}.Debug|Any CPU.Build.0 = Debug|Any CPU
		{46E58844-E20E-4482-9AAC-879B3B005AF2}.Release|Any CPU.ActiveCfg = Release|Any CPU
		{46E58844-E20E-4482-9AAC-879B3B005AF2}.Release|Any CPU.Build.0 = Release|Any CPU
		{8234B9E3-32B6-4DAB-B511-C57154373977}.Debug|Any CPU.ActiveCfg = Debug|Any CPU
		{8234B9E3-32B6-4DAB-B511-C57154373977}.Debug|Any CPU.Build.0 = Debug|Any CPU
		{8234B9E3-32B6-4DAB-B511-C57154373977}.Release|Any CPU.ActiveCfg = Release|Any CPU
		{8234B9E3-32B6-4DAB-B511-C57154373977}.Release|Any CPU.Build.0 = Release|Any CPU
		{AC40643E-00D8-463A-9175-82126811741E}.Debug|Any CPU.ActiveCfg = Debug|Any CPU
		{AC40643E-00D8-463A-9175-82126811741E}.Debug|Any CPU.Build.0 = Debug|Any CPU
		{AC40643E-00D8-463A-9175-82126811741E}.Release|Any CPU.ActiveCfg = Release|Any CPU
		{AC40643E-00D8-463A-9175-82126811741E}.Release|Any CPU.Build.0 = Release|Any CPU
		{2CBFF52E-233B-4908-B4C0-F745B63BBAA2}.Debug|Any CPU.ActiveCfg = Debug|Any CPU
		{2CBFF52E-233B-4908-B4C0-F745B63BBAA2}.Debug|Any CPU.Build.0 = Debug|Any CPU
		{2CBFF52E-233B-4908-B4C0-F745B63BBAA2}.Release|Any CPU.ActiveCfg = Release|Any CPU
		{2CBFF52E-233B-4908-B4C0-F745B63BBAA2}.Release|Any CPU.Build.0 = Release|Any CPU
		{4C6D05F0-4C56-4338-9311-024E3EF91F03}.Debug|Any CPU.ActiveCfg = Debug|Any CPU
		{4C6D05F0-4C56-4338-9311-024E3EF91F03}.Debug|Any CPU.Build.0 = Debug|Any CPU
		{4C6D05F0-4C56-4338-9311-024E3EF91F03}.Release|Any CPU.ActiveCfg = Release|Any CPU
		{4C6D05F0-4C56-4338-9311-024E3EF91F03}.Release|Any CPU.Build.0 = Release|Any CPU
		{022FB5E0-C151-4665-82E1-0FE25F66C740}.Debug|Any CPU.ActiveCfg = Debug|Any CPU
		{022FB5E0-C151-4665-82E1-0FE25F66C740}.Debug|Any CPU.Build.0 = Debug|Any CPU
		{022FB5E0-C151-4665-82E1-0FE25F66C740}.Release|Any CPU.ActiveCfg = Release|Any CPU
		{022FB5E0-C151-4665-82E1-0FE25F66C740}.Release|Any CPU.Build.0 = Release|Any CPU
		{2104A42B-A9F1-451B-AA03-3B69AE23D5F4}.Debug|Any CPU.ActiveCfg = Debug|Any CPU
		{2104A42B-A9F1-451B-AA03-3B69AE23D5F4}.Debug|Any CPU.Build.0 = Debug|Any CPU
		{2104A42B-A9F1-451B-AA03-3B69AE23D5F4}.Release|Any CPU.ActiveCfg = Release|Any CPU
		{2104A42B-A9F1-451B-AA03-3B69AE23D5F4}.Release|Any CPU.Build.0 = Release|Any CPU
	EndGlobalSection
	GlobalSection(SolutionProperties) = preSolution
		HideSolutionNode = FALSE
	EndGlobalSection
	GlobalSection(ExtensibilityGlobals) = postSolution
		SolutionGuid = {04BD7AF6-1ECD-4544-8E89-2B07267C4266}
	EndGlobalSection
EndGlobal
