
Microsoft Visual Studio Solution File, Format Version 12.00
# Visual Studio Version 16
VisualStudioVersion = 16.0.32002.261
MinimumVisualStudioVersion = 10.0.40219.1
Project("{FAE04EC0-301F-11D3-BF4B-00C04F79EFBC}") = "First Steps In Coding", "First Steps In Coding\First Steps In Coding.csproj", "{AE38DF6B-34DC-4297-9463-87CF74C220AD}"
EndProject
Global
	GlobalSection(SolutionConfigurationPlatforms) = preSolution
		Debug|Any CPU = Debug|Any CPU
		Release|Any CPU = Release|Any CPU
	EndGlobalSection
	GlobalSection(ProjectConfigurationPlatforms) = postSolution
		{AE38DF6B-34DC-4297-9463-87CF74C220AD}.Debug|Any CPU.ActiveCfg = Debug|Any CPU
		{AE38DF6B-34DC-4297-9463-87CF74C220AD}.Debug|Any CPU.Build.0 = Debug|Any CPU
		{AE38DF6B-34DC-4297-9463-87CF74C220AD}.Release|Any CPU.ActiveCfg = Release|Any CPU
		{AE38DF6B-34DC-4297-9463-87CF74C220AD}.Release|Any CPU.Build.0 = Release|Any CPU
	EndGlobalSection
	GlobalSection(SolutionProperties) = preSolution
		HideSolutionNode = FALSE
	EndGlobalSection
	GlobalSection(ExtensibilityGlobals) = postSolution
		SolutionGuid = {FE0DC76F-DD0E-4E15-8EAD-60D0FB5DE8EE}
	EndGlobalSection
EndGlobal
