
Microsoft Visual Studio Solution File, Format Version 12.00
# Visual Studio Version 16
VisualStudioVersion = 16.0.32106.194
MinimumVisualStudioVersion = 10.0.40219.1
Project("{9A19103F-16F7-4668-BE54-9A1E7A4F7556}") = "01.SeriesCalculator", "01.SeriesCalculator\01.SeriesCalculator.csproj", "{CD1C419D-7CF9-4D14-8A19-FF4A8B27FDE1}"
EndProject
Project("{9A19103F-16F7-4668-BE54-9A1E7A4F7556}") = "01.MovieProfit", "01.MovieProfit\01.MovieProfit.csproj", "{48499235-B56D-4427-8D35-846783C4E225}"
EndProject
Project("{9A19103F-16F7-4668-BE54-9A1E7A4F7556}") = "02.MovieDay", "02.MovieDay\02.MovieDay.csproj", "{95A028F9-8C5B-4C16-A170-60F9AAD9AEED}"
EndProject
Project("{9A19103F-16F7-4668-BE54-9A1E7A4F7556}") = "03.FilmPremiere", "03.FilmPremiere\03.FilmPremiere.csproj", "{CA67EA61-6DC0-4CD1-86A7-36714E109B89}"
EndProject
Project("{9A19103F-16F7-4668-BE54-9A1E7A4F7556}") = "03.MovieDestination", "03.MovieDestination\03.MovieDestination.csproj", "{DC1D6AFC-6332-40B6-B60C-FE15C12C039C}"
EndProject
Project("{9A19103F-16F7-4668-BE54-9A1E7A4F7556}") = "04.Cinema", "04.Cinema\04.Cinema.csproj", "{658ACEEB-8021-4141-A48D-23843783F8E2}"
EndProject
Project("{9A19103F-16F7-4668-BE54-9A1E7A4F7556}") = "04.MovieStars", "04.MovieStars\04.MovieStars.csproj", "{71316AC9-3928-4973-B861-968169CA5047}"
EndProject
Project("{9A19103F-16F7-4668-BE54-9A1E7A4F7556}") = "05.Series", "05.Series\05.Series.csproj", "{ED49F7B6-4985-4B9C-B68A-A8C0B6B3D690}"
EndProject
Project("{9A19103F-16F7-4668-BE54-9A1E7A4F7556}") = "05.Oscars", "05.Oscars\05.Oscars.csproj", "{61526D5D-17E9-464D-95BC-ADEDFDE3B719}"
EndProject
Project("{FAE04EC0-301F-11D3-BF4B-00C04F79EFBC}") = "06.FavoriteMovie", "06.FavoriteMovie\06.FavoriteMovie.csproj", "{BDD95348-C74B-4D98-8787-9A309FE1984C}"
EndProject
Project("{FAE04EC0-301F-11D3-BF4B-00C04F79EFBC}") = "06.MovieTickets", "06.MovieTickets\06.MovieTickets.csproj", "{105D4ECF-ABB0-4A06-9A99-DFC670E139D0}"
EndProject
Project("{FAE04EC0-301F-11D3-BF4B-00C04F79EFBC}") = "Test", "Test\Test.csproj", "{E47F0D7A-81D9-4B4B-A896-CECEF7699AD3}"
EndProject
Global
	GlobalSection(SolutionConfigurationPlatforms) = preSolution
		Debug|Any CPU = Debug|Any CPU
		Release|Any CPU = Release|Any CPU
	EndGlobalSection
	GlobalSection(ProjectConfigurationPlatforms) = postSolution
		{CD1C419D-7CF9-4D14-8A19-FF4A8B27FDE1}.Debug|Any CPU.ActiveCfg = Debug|Any CPU
		{CD1C419D-7CF9-4D14-8A19-FF4A8B27FDE1}.Debug|Any CPU.Build.0 = Debug|Any CPU
		{CD1C419D-7CF9-4D14-8A19-FF4A8B27FDE1}.Release|Any CPU.ActiveCfg = Release|Any CPU
		{CD1C419D-7CF9-4D14-8A19-FF4A8B27FDE1}.Release|Any CPU.Build.0 = Release|Any CPU
		{48499235-B56D-4427-8D35-846783C4E225}.Debug|Any CPU.ActiveCfg = Debug|Any CPU
		{48499235-B56D-4427-8D35-846783C4E225}.Debug|Any CPU.Build.0 = Debug|Any CPU
		{48499235-B56D-4427-8D35-846783C4E225}.Release|Any CPU.ActiveCfg = Release|Any CPU
		{48499235-B56D-4427-8D35-846783C4E225}.Release|Any CPU.Build.0 = Release|Any CPU
		{95A028F9-8C5B-4C16-A170-60F9AAD9AEED}.Debug|Any CPU.ActiveCfg = Debug|Any CPU
		{95A028F9-8C5B-4C16-A170-60F9AAD9AEED}.Debug|Any CPU.Build.0 = Debug|Any CPU
		{95A028F9-8C5B-4C16-A170-60F9AAD9AEED}.Release|Any CPU.ActiveCfg = Release|Any CPU
		{95A028F9-8C5B-4C16-A170-60F9AAD9AEED}.Release|Any CPU.Build.0 = Release|Any CPU
		{CA67EA61-6DC0-4CD1-86A7-36714E109B89}.Debug|Any CPU.ActiveCfg = Debug|Any CPU
		{CA67EA61-6DC0-4CD1-86A7-36714E109B89}.Debug|Any CPU.Build.0 = Debug|Any CPU
		{CA67EA61-6DC0-4CD1-86A7-36714E109B89}.Release|Any CPU.ActiveCfg = Release|Any CPU
		{CA67EA61-6DC0-4CD1-86A7-36714E109B89}.Release|Any CPU.Build.0 = Release|Any CPU
		{DC1D6AFC-6332-40B6-B60C-FE15C12C039C}.Debug|Any CPU.ActiveCfg = Debug|Any CPU
		{DC1D6AFC-6332-40B6-B60C-FE15C12C039C}.Debug|Any CPU.Build.0 = Debug|Any CPU
		{DC1D6AFC-6332-40B6-B60C-FE15C12C039C}.Release|Any CPU.ActiveCfg = Release|Any CPU
		{DC1D6AFC-6332-40B6-B60C-FE15C12C039C}.Release|Any CPU.Build.0 = Release|Any CPU
		{658ACEEB-8021-4141-A48D-23843783F8E2}.Debug|Any CPU.ActiveCfg = Debug|Any CPU
		{658ACEEB-8021-4141-A48D-23843783F8E2}.Debug|Any CPU.Build.0 = Debug|Any CPU
		{658ACEEB-8021-4141-A48D-23843783F8E2}.Release|Any CPU.ActiveCfg = Release|Any CPU
		{658ACEEB-8021-4141-A48D-23843783F8E2}.Release|Any CPU.Build.0 = Release|Any CPU
		{71316AC9-3928-4973-B861-968169CA5047}.Debug|Any CPU.ActiveCfg = Debug|Any CPU
		{71316AC9-3928-4973-B861-968169CA5047}.Debug|Any CPU.Build.0 = Debug|Any CPU
		{71316AC9-3928-4973-B861-968169CA5047}.Release|Any CPU.ActiveCfg = Release|Any CPU
		{71316AC9-3928-4973-B861-968169CA5047}.Release|Any CPU.Build.0 = Release|Any CPU
		{ED49F7B6-4985-4B9C-B68A-A8C0B6B3D690}.Debug|Any CPU.ActiveCfg = Debug|Any CPU
		{ED49F7B6-4985-4B9C-B68A-A8C0B6B3D690}.Debug|Any CPU.Build.0 = Debug|Any CPU
		{ED49F7B6-4985-4B9C-B68A-A8C0B6B3D690}.Release|Any CPU.ActiveCfg = Release|Any CPU
		{ED49F7B6-4985-4B9C-B68A-A8C0B6B3D690}.Release|Any CPU.Build.0 = Release|Any CPU
		{61526D5D-17E9-464D-95BC-ADEDFDE3B719}.Debug|Any CPU.ActiveCfg = Debug|Any CPU
		{61526D5D-17E9-464D-95BC-ADEDFDE3B719}.Debug|Any CPU.Build.0 = Debug|Any CPU
		{61526D5D-17E9-464D-95BC-ADEDFDE3B719}.Release|Any CPU.ActiveCfg = Release|Any CPU
		{61526D5D-17E9-464D-95BC-ADEDFDE3B719}.Release|Any CPU.Build.0 = Release|Any CPU
		{BDD95348-C74B-4D98-8787-9A309FE1984C}.Debug|Any CPU.ActiveCfg = Debug|Any CPU
		{BDD95348-C74B-4D98-8787-9A309FE1984C}.Debug|Any CPU.Build.0 = Debug|Any CPU
		{BDD95348-C74B-4D98-8787-9A309FE1984C}.Release|Any CPU.ActiveCfg = Release|Any CPU
		{BDD95348-C74B-4D98-8787-9A309FE1984C}.Release|Any CPU.Build.0 = Release|Any CPU
		{105D4ECF-ABB0-4A06-9A99-DFC670E139D0}.Debug|Any CPU.ActiveCfg = Debug|Any CPU
		{105D4ECF-ABB0-4A06-9A99-DFC670E139D0}.Debug|Any CPU.Build.0 = Debug|Any CPU
		{105D4ECF-ABB0-4A06-9A99-DFC670E139D0}.Release|Any CPU.ActiveCfg = Release|Any CPU
		{105D4ECF-ABB0-4A06-9A99-DFC670E139D0}.Release|Any CPU.Build.0 = Release|Any CPU
		{E47F0D7A-81D9-4B4B-A896-CECEF7699AD3}.Debug|Any CPU.ActiveCfg = Debug|Any CPU
		{E47F0D7A-81D9-4B4B-A896-CECEF7699AD3}.Debug|Any CPU.Build.0 = Debug|Any CPU
		{E47F0D7A-81D9-4B4B-A896-CECEF7699AD3}.Release|Any CPU.ActiveCfg = Release|Any CPU
		{E47F0D7A-81D9-4B4B-A896-CECEF7699AD3}.Release|Any CPU.Build.0 = Release|Any CPU
	EndGlobalSection
	GlobalSection(SolutionProperties) = preSolution
		HideSolutionNode = FALSE
	EndGlobalSection
	GlobalSection(ExtensibilityGlobals) = postSolution
		SolutionGuid = {77789B9A-E3B8-4121-929D-B297050ED3E5}
	EndGlobalSection
EndGlobal
